
Microsoft Visual Studio Solution File, Format Version 12.00
# Visual Studio Version 17
VisualStudioVersion = 17.14.36408.4 d17.14
MinimumVisualStudioVersion = 10.0.40219.1
Project("{FAE04EC0-301F-11D3-BF4B-00C04F79EFBC}") = "behavioral-patterns", "behavioral-patterns\behavioral-patterns.csproj", "{3E87D0CB-4545-4527-A764-B1C4E9160395}"
EndProject
Global
	GlobalSection(SolutionConfigurationPlatforms) = preSolution
		Debug|Any CPU = Debug|Any CPU
		Release|Any CPU = Release|Any CPU
	EndGlobalSection
	GlobalSection(ProjectConfigurationPlatforms) = postSolution
		{3E87D0CB-4545-4527-A764-B1C4E9160395}.Debug|Any CPU.ActiveCfg = Debug|Any CPU
		{3E87D0CB-4545-4527-A764-B1C4E9160395}.Debug|Any CPU.Build.0 = Debug|Any CPU
		{3E87D0CB-4545-4527-A764-B1C4E9160395}.Release|Any CPU.ActiveCfg = Release|Any CPU
		{3E87D0CB-4545-4527-A764-B1C4E9160395}.Release|Any CPU.Build.0 = Release|Any CPU
	EndGlobalSection
	GlobalSection(SolutionProperties) = preSolution
		HideSolutionNode = FALSE
	EndGlobalSection
	GlobalSection(ExtensibilityGlobals) = postSolution
		SolutionGuid = {A99C0104-E369-4C18-9A19-CA640125E67E}
	EndGlobalSection
EndGlobal
